
Microsoft Visual Studio Solution File, Format Version 12.00
# Visual Studio Version 17
VisualStudioVersion = 17.7.34003.232
MinimumVisualStudioVersion = 10.0.40219.1
Project("{9A19103F-16F7-4668-BE54-9A1E7A4F7556}") = "Assigment2.PRN231.BookStoreAPI.Controlers", "Assigment2.PRN231.BookStoreAPI.Controler\Assigment2.PRN231.BookStoreAPI.Controlers.csproj", "{D6C8BC9B-31A0-4141-B8E5-02AD15CB2DBB}"
EndProject
Project("{9A19103F-16F7-4668-BE54-9A1E7A4F7556}") = "Assigment2.PRN231.BookStoreAPI.Repositories", "Assigment2.PRN231.BookStoreAPI.Repository\Assigment2.PRN231.BookStoreAPI.Repositories.csproj", "{6DA4C0D6-E6A7-44EB-BE9E-AE9B533A2EC7}"
EndProject
Global
	GlobalSection(SolutionConfigurationPlatforms) = preSolution
		Debug|Any CPU = Debug|Any CPU
		Release|Any CPU = Release|Any CPU
	EndGlobalSection
	GlobalSection(ProjectConfigurationPlatforms) = postSolution
		{D6C8BC9B-31A0-4141-B8E5-02AD15CB2DBB}.Debug|Any CPU.ActiveCfg = Debug|Any CPU
		{D6C8BC9B-31A0-4141-B8E5-02AD15CB2DBB}.Debug|Any CPU.Build.0 = Debug|Any CPU
		{D6C8BC9B-31A0-4141-B8E5-02AD15CB2DBB}.Release|Any CPU.ActiveCfg = Release|Any CPU
		{D6C8BC9B-31A0-4141-B8E5-02AD15CB2DBB}.Release|Any CPU.Build.0 = Release|Any CPU
		{6DA4C0D6-E6A7-44EB-BE9E-AE9B533A2EC7}.Debug|Any CPU.ActiveCfg = Debug|Any CPU
		{6DA4C0D6-E6A7-44EB-BE9E-AE9B533A2EC7}.Debug|Any CPU.Build.0 = Debug|Any CPU
		{6DA4C0D6-E6A7-44EB-BE9E-AE9B533A2EC7}.Release|Any CPU.ActiveCfg = Release|Any CPU
		{6DA4C0D6-E6A7-44EB-BE9E-AE9B533A2EC7}.Release|Any CPU.Build.0 = Release|Any CPU
	EndGlobalSection
	GlobalSection(SolutionProperties) = preSolution
		HideSolutionNode = FALSE
	EndGlobalSection
	GlobalSection(ExtensibilityGlobals) = postSolution
		SolutionGuid = {C9FDEA5F-AD5D-4E90-9323-959471925D69}
	EndGlobalSection
EndGlobal
