
Microsoft Visual Studio Solution File, Format Version 12.00
# Visual Studio Version 17
VisualStudioVersion = 17.9.34728.123
MinimumVisualStudioVersion = 10.0.40219.1
Project("{FAE04EC0-301F-11D3-BF4B-00C04F79EFBC}") = "BookRazorPage", "BookRazorPage\BookRazorPage.csproj", "{A42D038D-832A-4850-9029-8A3C9DCBFE7F}"
EndProject
Global
	GlobalSection(SolutionConfigurationPlatforms) = preSolution
		Debug|Any CPU = Debug|Any CPU
		Release|Any CPU = Release|Any CPU
	EndGlobalSection
	GlobalSection(ProjectConfigurationPlatforms) = postSolution
		{A42D038D-832A-4850-9029-8A3C9DCBFE7F}.Debug|Any CPU.ActiveCfg = Debug|Any CPU
		{A42D038D-832A-4850-9029-8A3C9DCBFE7F}.Debug|Any CPU.Build.0 = Debug|Any CPU
		{A42D038D-832A-4850-9029-8A3C9DCBFE7F}.Release|Any CPU.ActiveCfg = Release|Any CPU
		{A42D038D-832A-4850-9029-8A3C9DCBFE7F}.Release|Any CPU.Build.0 = Release|Any CPU
	EndGlobalSection
	GlobalSection(SolutionProperties) = preSolution
		HideSolutionNode = FALSE
	EndGlobalSection
	GlobalSection(ExtensibilityGlobals) = postSolution
		SolutionGuid = {E8FAFE8F-2EC5-41CA-8BE5-E62467592ACC}
	EndGlobalSection
EndGlobal
